asgiref==3.5.2
certifi==2022.9.14
cffi==1.15.1
chardet==4.0.0
cryptography==3.4.8
Django==3.2.15
django-redis==5.0.0
djangorestframework==3.12.4
djangorestframework-simplejwt==4.6.0
func-timeout==4.3.5
idna==2.10
mysqlclient==2.0.3
pip==22.2.2
pkg_resources==0.0.0
pycparser==2.21
PyJWT==2.0.1
pytz==2022.2.1
redis==3.5.3
requests==2.25.1
setuptools==40.8.0
sqlparse==0.4.2
typing_extensions==4.3.0
urllib3==1.26.12
